
Microsoft Visual Studio Solution File, Format Version 12.00
# Visual Studio Version 17
VisualStudioVersion = 17.4.33213.308
MinimumVisualStudioVersion = 10.0.40219.1
Project("{FAE04EC0-301F-11D3-BF4B-00C04F79EFBC}") = "Abatab", "Abatab.csproj", "{2F8CF756-3BD3-40AF-BB5C-0CCC497B96AE}"
EndProject
Project("{2150E333-8FDC-42A3-9474-1A3956D46DE8}") = "Core", "Core", "{8896A775-B439-44BA-BBA7-2AA13425EEAA}"
EndProject
Project("{2150E333-8FDC-42A3-9474-1A3956D46DE8}") = "Module", "Module", "{97E3CCF8-4873-43BF-836F-16AA911302EB}"
EndProject
Project("{2150E333-8FDC-42A3-9474-1A3956D46DE8}") = "ThirdParty", "ThirdParty", "{6E5A1141-2B04-4517-B3EE-C9A47F4F91D6}"
EndProject
Project("{FAE04EC0-301F-11D3-BF4B-00C04F79EFBC}") = "Abatab.Core.Catalog", "..\..\Core\Abatab.Core.Catalog\Abatab.Core.Catalog.csproj", "{1B44E970-AF13-4188-A6EC-449BF42FA32E}"
EndProject
Project("{FAE04EC0-301F-11D3-BF4B-00C04F79EFBC}") = "Abatab.Core.Framework", "..\..\Core\Abatab.Core.Framework\Abatab.Core.Framework.csproj", "{BE5DBE90-0987-4B10-A87C-0A4FCCC49A5B}"
EndProject
Project("{FAE04EC0-301F-11D3-BF4B-00C04F79EFBC}") = "Abatab.Core.Logger", "..\..\Core\Abatab.Core.Logger\Abatab.Core.Logger.csproj", "{C94AF429-C995-4E3F-9ACF-E989FC95F7EA}"
EndProject
Project("{FAE04EC0-301F-11D3-BF4B-00C04F79EFBC}") = "Abatab.Core.OptionObject", "..\..\Core\Abatab.Core.OptionObject\Abatab.Core.OptionObject.csproj", "{7F06178A-AEA6-4320-9C48-8B6C3D3F05B7}"
EndProject
Project("{FAE04EC0-301F-11D3-BF4B-00C04F79EFBC}") = "Abatab.Core.OS", "..\..\Core\Abatab.Core.OS\Abatab.Core.OS.csproj", "{898B2032-9FE2-485A-B3C2-D86E27B2A33A}"
EndProject
Project("{FAE04EC0-301F-11D3-BF4B-00C04F79EFBC}") = "Abatab.Core.Session", "..\..\Core\Abatab.Core.Session\Abatab.Core.Session.csproj", "{67D07064-68D8-4AEB-A562-093FA9973B43}"
EndProject
Project("{FAE04EC0-301F-11D3-BF4B-00C04F79EFBC}") = "Abatab.Module.ProgressNote", "..\..\Module\Abatab.Module.ProgressNote\Abatab.Module.ProgressNote.csproj", "{C909F7A7-789F-44BB-8F60-D27F9DE261AF}"
EndProject
Project("{FAE04EC0-301F-11D3-BF4B-00C04F79EFBC}") = "Abatab.Module.Prototype", "..\..\Module\Abatab.Module.Prototype\Abatab.Module.Prototype.csproj", "{1E0F71AD-E7BB-4EAF-8120-6A19A20BE962}"
EndProject
Project("{FAE04EC0-301F-11D3-BF4B-00C04F79EFBC}") = "Abatab.Module.QuickMedicationOrder", "..\..\Module\Abatab.Module.QuickMedicationOrder\Abatab.Module.QuickMedicationOrder.csproj", "{8732FFAF-C872-4622-8A46-BA629A811E6A}"
EndProject
Project("{FAE04EC0-301F-11D3-BF4B-00C04F79EFBC}") = "Abatab.Module.Testing", "..\..\Module\Abatab.Module.Testing\Abatab.Module.Testing.csproj", "{74607575-E22F-4D54-A5ED-2064176E1901}"
EndProject
Project("{9A19103F-16F7-4668-BE54-9A1E7A4F7556}") = "ScriptLinkStandard", "..\..\ThirdParty\ScriptLinkStandard\ScriptLinkStandard.csproj", "{8151D74C-D8A4-43F8-99E7-3CAC9DC06B0E}"
EndProject
Project("{FAE04EC0-301F-11D3-BF4B-00C04F79EFBC}") = "Abatab.Core.DataExport", "..\..\Core\Abatab.Core.DataExport\Abatab.Core.DataExport.csproj", "{9DB81D7F-BA9F-4E59-A63F-B00514AC1F40}"
EndProject
Global
	GlobalSection(SolutionConfigurationPlatforms) = preSolution
		Debug|Any CPU = Debug|Any CPU
		Release|Any CPU = Release|Any CPU
	EndGlobalSection
	GlobalSection(ProjectConfigurationPlatforms) = postSolution
		{2F8CF756-3BD3-40AF-BB5C-0CCC497B96AE}.Debug|Any CPU.ActiveCfg = Debug|Any CPU
		{2F8CF756-3BD3-40AF-BB5C-0CCC497B96AE}.Debug|Any CPU.Build.0 = Debug|Any CPU
		{2F8CF756-3BD3-40AF-BB5C-0CCC497B96AE}.Release|Any CPU.ActiveCfg = Release|Any CPU
		{2F8CF756-3BD3-40AF-BB5C-0CCC497B96AE}.Release|Any CPU.Build.0 = Release|Any CPU
		{1B44E970-AF13-4188-A6EC-449BF42FA32E}.Debug|Any CPU.ActiveCfg = Debug|Any CPU
		{1B44E970-AF13-4188-A6EC-449BF42FA32E}.Debug|Any CPU.Build.0 = Debug|Any CPU
		{1B44E970-AF13-4188-A6EC-449BF42FA32E}.Release|Any CPU.ActiveCfg = Release|Any CPU
		{1B44E970-AF13-4188-A6EC-449BF42FA32E}.Release|Any CPU.Build.0 = Release|Any CPU
		{BE5DBE90-0987-4B10-A87C-0A4FCCC49A5B}.Debug|Any CPU.ActiveCfg = Debug|Any CPU
		{BE5DBE90-0987-4B10-A87C-0A4FCCC49A5B}.Debug|Any CPU.Build.0 = Debug|Any CPU
		{BE5DBE90-0987-4B10-A87C-0A4FCCC49A5B}.Release|Any CPU.ActiveCfg = Release|Any CPU
		{BE5DBE90-0987-4B10-A87C-0A4FCCC49A5B}.Release|Any CPU.Build.0 = Release|Any CPU
		{C94AF429-C995-4E3F-9ACF-E989FC95F7EA}.Debug|Any CPU.ActiveCfg = Debug|Any CPU
		{C94AF429-C995-4E3F-9ACF-E989FC95F7EA}.Debug|Any CPU.Build.0 = Debug|Any CPU
		{C94AF429-C995-4E3F-9ACF-E989FC95F7EA}.Release|Any CPU.ActiveCfg = Release|Any CPU
		{C94AF429-C995-4E3F-9ACF-E989FC95F7EA}.Release|Any CPU.Build.0 = Release|Any CPU
		{7F06178A-AEA6-4320-9C48-8B6C3D3F05B7}.Debug|Any CPU.ActiveCfg = Debug|Any CPU
		{7F06178A-AEA6-4320-9C48-8B6C3D3F05B7}.Debug|Any CPU.Build.0 = Debug|Any CPU
		{7F06178A-AEA6-4320-9C48-8B6C3D3F05B7}.Release|Any CPU.ActiveCfg = Release|Any CPU
		{7F06178A-AEA6-4320-9C48-8B6C3D3F05B7}.Release|Any CPU.Build.0 = Release|Any CPU
		{898B2032-9FE2-485A-B3C2-D86E27B2A33A}.Debug|Any CPU.ActiveCfg = Debug|Any CPU
		{898B2032-9FE2-485A-B3C2-D86E27B2A33A}.Debug|Any CPU.Build.0 = Debug|Any CPU
		{898B2032-9FE2-485A-B3C2-D86E27B2A33A}.Release|Any CPU.ActiveCfg = Release|Any CPU
		{898B2032-9FE2-485A-B3C2-D86E27B2A33A}.Release|Any CPU.Build.0 = Release|Any CPU
		{67D07064-68D8-4AEB-A562-093FA9973B43}.Debug|Any CPU.ActiveCfg = Debug|Any CPU
		{67D07064-68D8-4AEB-A562-093FA9973B43}.Debug|Any CPU.Build.0 = Debug|Any CPU
		{67D07064-68D8-4AEB-A562-093FA9973B43}.Release|Any CPU.ActiveCfg = Release|Any CPU
		{67D07064-68D8-4AEB-A562-093FA9973B43}.Release|Any CPU.Build.0 = Release|Any CPU
		{C909F7A7-789F-44BB-8F60-D27F9DE261AF}.Debug|Any CPU.ActiveCfg = Debug|Any CPU
		{C909F7A7-789F-44BB-8F60-D27F9DE261AF}.Debug|Any CPU.Build.0 = Debug|Any CPU
		{C909F7A7-789F-44BB-8F60-D27F9DE261AF}.Release|Any CPU.ActiveCfg = Release|Any CPU
		{C909F7A7-789F-44BB-8F60-D27F9DE261AF}.Release|Any CPU.Build.0 = Release|Any CPU
		{1E0F71AD-E7BB-4EAF-8120-6A19A20BE962}.Debug|Any CPU.ActiveCfg = Debug|Any CPU
		{1E0F71AD-E7BB-4EAF-8120-6A19A20BE962}.Debug|Any CPU.Build.0 = Debug|Any CPU
		{1E0F71AD-E7BB-4EAF-8120-6A19A20BE962}.Release|Any CPU.ActiveCfg = Release|Any CPU
		{1E0F71AD-E7BB-4EAF-8120-6A19A20BE962}.Release|Any CPU.Build.0 = Release|Any CPU
		{8732FFAF-C872-4622-8A46-BA629A811E6A}.Debug|Any CPU.ActiveCfg = Debug|Any CPU
		{8732FFAF-C872-4622-8A46-BA629A811E6A}.Debug|Any CPU.Build.0 = Debug|Any CPU
		{8732FFAF-C872-4622-8A46-BA629A811E6A}.Release|Any CPU.ActiveCfg = Release|Any CPU
		{8732FFAF-C872-4622-8A46-BA629A811E6A}.Release|Any CPU.Build.0 = Release|Any CPU
		{74607575-E22F-4D54-A5ED-2064176E1901}.Debug|Any CPU.ActiveCfg = Debug|Any CPU
		{74607575-E22F-4D54-A5ED-2064176E1901}.Debug|Any CPU.Build.0 = Debug|Any CPU
		{74607575-E22F-4D54-A5ED-2064176E1901}.Release|Any CPU.ActiveCfg = Release|Any CPU
		{74607575-E22F-4D54-A5ED-2064176E1901}.Release|Any CPU.Build.0 = Release|Any CPU
		{8151D74C-D8A4-43F8-99E7-3CAC9DC06B0E}.Debug|Any CPU.ActiveCfg = Debug|Any CPU
		{8151D74C-D8A4-43F8-99E7-3CAC9DC06B0E}.Debug|Any CPU.Build.0 = Debug|Any CPU
		{8151D74C-D8A4-43F8-99E7-3CAC9DC06B0E}.Release|Any CPU.ActiveCfg = Release|Any CPU
		{8151D74C-D8A4-43F8-99E7-3CAC9DC06B0E}.Release|Any CPU.Build.0 = Release|Any CPU
		{9DB81D7F-BA9F-4E59-A63F-B00514AC1F40}.Debug|Any CPU.ActiveCfg = Debug|Any CPU
		{9DB81D7F-BA9F-4E59-A63F-B00514AC1F40}.Debug|Any CPU.Build.0 = Debug|Any CPU
		{9DB81D7F-BA9F-4E59-A63F-B00514AC1F40}.Release|Any CPU.ActiveCfg = Release|Any CPU
		{9DB81D7F-BA9F-4E59-A63F-B00514AC1F40}.Release|Any CPU.Build.0 = Release|Any CPU
	EndGlobalSection
	GlobalSection(SolutionProperties) = preSolution
		HideSolutionNode = FALSE
	EndGlobalSection
	GlobalSection(NestedProjects) = preSolution
		{1B44E970-AF13-4188-A6EC-449BF42FA32E} = {8896A775-B439-44BA-BBA7-2AA13425EEAA}
		{BE5DBE90-0987-4B10-A87C-0A4FCCC49A5B} = {8896A775-B439-44BA-BBA7-2AA13425EEAA}
		{C94AF429-C995-4E3F-9ACF-E989FC95F7EA} = {8896A775-B439-44BA-BBA7-2AA13425EEAA}
		{7F06178A-AEA6-4320-9C48-8B6C3D3F05B7} = {8896A775-B439-44BA-BBA7-2AA13425EEAA}
		{898B2032-9FE2-485A-B3C2-D86E27B2A33A} = {8896A775-B439-44BA-BBA7-2AA13425EEAA}
		{67D07064-68D8-4AEB-A562-093FA9973B43} = {8896A775-B439-44BA-BBA7-2AA13425EEAA}
		{C909F7A7-789F-44BB-8F60-D27F9DE261AF} = {97E3CCF8-4873-43BF-836F-16AA911302EB}
		{1E0F71AD-E7BB-4EAF-8120-6A19A20BE962} = {97E3CCF8-4873-43BF-836F-16AA911302EB}
		{8732FFAF-C872-4622-8A46-BA629A811E6A} = {97E3CCF8-4873-43BF-836F-16AA911302EB}
		{74607575-E22F-4D54-A5ED-2064176E1901} = {97E3CCF8-4873-43BF-836F-16AA911302EB}
		{8151D74C-D8A4-43F8-99E7-3CAC9DC06B0E} = {6E5A1141-2B04-4517-B3EE-C9A47F4F91D6}
		{9DB81D7F-BA9F-4E59-A63F-B00514AC1F40} = {8896A775-B439-44BA-BBA7-2AA13425EEAA}
	EndGlobalSection
	GlobalSection(ExtensibilityGlobals) = postSolution
		SolutionGuid = {80A97D16-70D8-45D3-8E61-4D3A6EC7AE16}
	EndGlobalSection
EndGlobal
