
Microsoft Visual Studio Solution File, Format Version 12.00
# Visual Studio Version 17
VisualStudioVersion = 17.3.32825.248
MinimumVisualStudioVersion = 10.0.40219.1
Project("{FAE04EC0-301F-11D3-BF4B-00C04F79EFBC}") = "Abatab", "Abatab.csproj", "{BE9DE07E-2670-46EE-AA14-F24B9BD0E8E1}"
EndProject
Project("{F184B08F-C81C-45F6-A57F-5ABD9991F28F}") = "NTST.ScriptLinkService.Objects", "NTST.ScriptLinkService.Objects\NTST.ScriptLinkService.Objects.vbproj", "{8A8A6089-3286-42E6-9F76-B61784709654}"
EndProject
Project("{FAE04EC0-301F-11D3-BF4B-00C04F79EFBC}") = "AbatabLogging", "AbatabLogging\AbatabLogging.csproj", "{A4467424-56E0-4260-BB21-D98263D7AEFD}"
EndProject
Project("{FAE04EC0-301F-11D3-BF4B-00C04F79EFBC}") = "AbatabSession", "AbatabSession\AbatabSession.csproj", "{5FCAD3F6-0AA9-4BEE-B390-097A6832568E}"
EndProject
Project("{FAE04EC0-301F-11D3-BF4B-00C04F79EFBC}") = "AbatabOptionObject", "AbatabOptionObject\AbatabOptionObject.csproj", "{2741DF45-7DB8-4BEA-89B4-4A70C7114192}"
EndProject
Global
	GlobalSection(SolutionConfigurationPlatforms) = preSolution
		Debug|Any CPU = Debug|Any CPU
		Release|Any CPU = Release|Any CPU
	EndGlobalSection
	GlobalSection(ProjectConfigurationPlatforms) = postSolution
		{BE9DE07E-2670-46EE-AA14-F24B9BD0E8E1}.Debug|Any CPU.ActiveCfg = Debug|Any CPU
		{BE9DE07E-2670-46EE-AA14-F24B9BD0E8E1}.Debug|Any CPU.Build.0 = Debug|Any CPU
		{BE9DE07E-2670-46EE-AA14-F24B9BD0E8E1}.Release|Any CPU.ActiveCfg = Release|Any CPU
		{BE9DE07E-2670-46EE-AA14-F24B9BD0E8E1}.Release|Any CPU.Build.0 = Release|Any CPU
		{8A8A6089-3286-42E6-9F76-B61784709654}.Debug|Any CPU.ActiveCfg = Debug|Any CPU
		{8A8A6089-3286-42E6-9F76-B61784709654}.Debug|Any CPU.Build.0 = Debug|Any CPU
		{8A8A6089-3286-42E6-9F76-B61784709654}.Release|Any CPU.ActiveCfg = Release|Any CPU
		{8A8A6089-3286-42E6-9F76-B61784709654}.Release|Any CPU.Build.0 = Release|Any CPU
		{A4467424-56E0-4260-BB21-D98263D7AEFD}.Debug|Any CPU.ActiveCfg = Debug|Any CPU
		{A4467424-56E0-4260-BB21-D98263D7AEFD}.Debug|Any CPU.Build.0 = Debug|Any CPU
		{A4467424-56E0-4260-BB21-D98263D7AEFD}.Release|Any CPU.ActiveCfg = Release|Any CPU
		{A4467424-56E0-4260-BB21-D98263D7AEFD}.Release|Any CPU.Build.0 = Release|Any CPU
		{5FCAD3F6-0AA9-4BEE-B390-097A6832568E}.Debug|Any CPU.ActiveCfg = Debug|Any CPU
		{5FCAD3F6-0AA9-4BEE-B390-097A6832568E}.Debug|Any CPU.Build.0 = Debug|Any CPU
		{5FCAD3F6-0AA9-4BEE-B390-097A6832568E}.Release|Any CPU.ActiveCfg = Release|Any CPU
		{5FCAD3F6-0AA9-4BEE-B390-097A6832568E}.Release|Any CPU.Build.0 = Release|Any CPU
		{2741DF45-7DB8-4BEA-89B4-4A70C7114192}.Debug|Any CPU.ActiveCfg = Debug|Any CPU
		{2741DF45-7DB8-4BEA-89B4-4A70C7114192}.Debug|Any CPU.Build.0 = Debug|Any CPU
		{2741DF45-7DB8-4BEA-89B4-4A70C7114192}.Release|Any CPU.ActiveCfg = Release|Any CPU
		{2741DF45-7DB8-4BEA-89B4-4A70C7114192}.Release|Any CPU.Build.0 = Release|Any CPU
	EndGlobalSection
	GlobalSection(SolutionProperties) = preSolution
		HideSolutionNode = FALSE
	EndGlobalSection
	GlobalSection(ExtensibilityGlobals) = postSolution
		SolutionGuid = {1DB591AE-5191-4FBB-97BC-CD7AE711CF4F}
	EndGlobalSection
EndGlobal
