
Microsoft Visual Studio Solution File, Format Version 12.00
# Visual Studio Version 17
VisualStudioVersion = 17.4.33213.308
MinimumVisualStudioVersion = 10.0.40219.1
Project("{FAE04EC0-301F-11D3-BF4B-00C04F79EFBC}") = "Abatab", "Abatab.csproj", "{85EE7FD1-7AFB-4AA1-96A7-7D01BBD7B895}"
EndProject
Project("{2150E333-8FDC-42A3-9474-1A3956D46DE8}") = "ThirdParty", "ThirdParty", "{D06A02DE-D9D9-4922-8BD1-1803A746B95B}"
EndProject
Project("{2150E333-8FDC-42A3-9474-1A3956D46DE8}") = "Core", "Core", "{B1E4825E-DBFE-491B-A57B-5CEDA5989C42}"
EndProject
Project("{2150E333-8FDC-42A3-9474-1A3956D46DE8}") = "Module", "Module", "{F87C3269-B196-4546-8555-DAF351796DF7}"
EndProject
Project("{FAE04EC0-301F-11D3-BF4B-00C04F79EFBC}") = "AbatabLogger", "..\..\Core\AbatabLogger\src\AbatabLogger.csproj", "{7CD635C2-B2F4-40A8-891C-5D1A8D9BE311}"
EndProject
Project("{FAE04EC0-301F-11D3-BF4B-00C04F79EFBC}") = "AbatabSession", "..\..\Core\AbatabSession\src\AbatabSession.csproj", "{49E180B2-690C-4237-BCF0-6702B226BBA3}"
EndProject
Project("{FAE04EC0-301F-11D3-BF4B-00C04F79EFBC}") = "AbatabSysOp", "..\..\Core\AbatabSysOp\src\AbatabSysOp.csproj", "{B065D0D0-F78F-46A0-BD5D-AFD20594E10C}"
EndProject
Project("{FAE04EC0-301F-11D3-BF4B-00C04F79EFBC}") = "AbatabCatalogs", "..\..\Core\AbatabCatalog\src\AbatabCatalogs.csproj", "{29B7250B-4DCA-4D0B-8E3D-BA03A05936CE}"
EndProject
Project("{9A19103F-16F7-4668-BE54-9A1E7A4F7556}") = "ScriptLinkStandard", "..\..\AbatabThirdParty\ScriptLinkStandard\ScriptLinkStandard.csproj", "{05F6E7BA-9FF2-4DEF-98A4-9A96640514CC}"
EndProject
Project("{FAE04EC0-301F-11D3-BF4B-00C04F79EFBC}") = "AbatabTesting", "..\..\Module\AbatabTesting\src\AbatabTesting.csproj", "{F0C43D85-18BD-44A3-B573-CDA0072DF910}"
EndProject
Project("{FAE04EC0-301F-11D3-BF4B-00C04F79EFBC}") = "AbatabFramework", "..\..\Core\AbatabFramework\src\AbatabFramework.csproj", "{159E32B4-937E-4977-9504-AAB45A4AFCD8}"
EndProject
Global
	GlobalSection(SolutionConfigurationPlatforms) = preSolution
		Debug|Any CPU = Debug|Any CPU
		Release|Any CPU = Release|Any CPU
	EndGlobalSection
	GlobalSection(ProjectConfigurationPlatforms) = postSolution
		{85EE7FD1-7AFB-4AA1-96A7-7D01BBD7B895}.Debug|Any CPU.ActiveCfg = Debug|Any CPU
		{85EE7FD1-7AFB-4AA1-96A7-7D01BBD7B895}.Debug|Any CPU.Build.0 = Debug|Any CPU
		{85EE7FD1-7AFB-4AA1-96A7-7D01BBD7B895}.Release|Any CPU.ActiveCfg = Release|Any CPU
		{85EE7FD1-7AFB-4AA1-96A7-7D01BBD7B895}.Release|Any CPU.Build.0 = Release|Any CPU
		{7CD635C2-B2F4-40A8-891C-5D1A8D9BE311}.Debug|Any CPU.ActiveCfg = Debug|Any CPU
		{7CD635C2-B2F4-40A8-891C-5D1A8D9BE311}.Debug|Any CPU.Build.0 = Debug|Any CPU
		{7CD635C2-B2F4-40A8-891C-5D1A8D9BE311}.Release|Any CPU.ActiveCfg = Release|Any CPU
		{7CD635C2-B2F4-40A8-891C-5D1A8D9BE311}.Release|Any CPU.Build.0 = Release|Any CPU
		{49E180B2-690C-4237-BCF0-6702B226BBA3}.Debug|Any CPU.ActiveCfg = Debug|Any CPU
		{49E180B2-690C-4237-BCF0-6702B226BBA3}.Debug|Any CPU.Build.0 = Debug|Any CPU
		{49E180B2-690C-4237-BCF0-6702B226BBA3}.Release|Any CPU.ActiveCfg = Release|Any CPU
		{49E180B2-690C-4237-BCF0-6702B226BBA3}.Release|Any CPU.Build.0 = Release|Any CPU
		{B065D0D0-F78F-46A0-BD5D-AFD20594E10C}.Debug|Any CPU.ActiveCfg = Debug|Any CPU
		{B065D0D0-F78F-46A0-BD5D-AFD20594E10C}.Debug|Any CPU.Build.0 = Debug|Any CPU
		{B065D0D0-F78F-46A0-BD5D-AFD20594E10C}.Release|Any CPU.ActiveCfg = Release|Any CPU
		{B065D0D0-F78F-46A0-BD5D-AFD20594E10C}.Release|Any CPU.Build.0 = Release|Any CPU
		{29B7250B-4DCA-4D0B-8E3D-BA03A05936CE}.Debug|Any CPU.ActiveCfg = Debug|Any CPU
		{29B7250B-4DCA-4D0B-8E3D-BA03A05936CE}.Debug|Any CPU.Build.0 = Debug|Any CPU
		{29B7250B-4DCA-4D0B-8E3D-BA03A05936CE}.Release|Any CPU.ActiveCfg = Release|Any CPU
		{29B7250B-4DCA-4D0B-8E3D-BA03A05936CE}.Release|Any CPU.Build.0 = Release|Any CPU
		{05F6E7BA-9FF2-4DEF-98A4-9A96640514CC}.Debug|Any CPU.ActiveCfg = Debug|Any CPU
		{05F6E7BA-9FF2-4DEF-98A4-9A96640514CC}.Debug|Any CPU.Build.0 = Debug|Any CPU
		{05F6E7BA-9FF2-4DEF-98A4-9A96640514CC}.Release|Any CPU.ActiveCfg = Release|Any CPU
		{05F6E7BA-9FF2-4DEF-98A4-9A96640514CC}.Release|Any CPU.Build.0 = Release|Any CPU
		{F0C43D85-18BD-44A3-B573-CDA0072DF910}.Debug|Any CPU.ActiveCfg = Debug|Any CPU
		{F0C43D85-18BD-44A3-B573-CDA0072DF910}.Debug|Any CPU.Build.0 = Debug|Any CPU
		{F0C43D85-18BD-44A3-B573-CDA0072DF910}.Release|Any CPU.ActiveCfg = Release|Any CPU
		{F0C43D85-18BD-44A3-B573-CDA0072DF910}.Release|Any CPU.Build.0 = Release|Any CPU
		{159E32B4-937E-4977-9504-AAB45A4AFCD8}.Debug|Any CPU.ActiveCfg = Debug|Any CPU
		{159E32B4-937E-4977-9504-AAB45A4AFCD8}.Debug|Any CPU.Build.0 = Debug|Any CPU
		{159E32B4-937E-4977-9504-AAB45A4AFCD8}.Release|Any CPU.ActiveCfg = Release|Any CPU
		{159E32B4-937E-4977-9504-AAB45A4AFCD8}.Release|Any CPU.Build.0 = Release|Any CPU
	EndGlobalSection
	GlobalSection(SolutionProperties) = preSolution
		HideSolutionNode = FALSE
	EndGlobalSection
	GlobalSection(NestedProjects) = preSolution
		{7CD635C2-B2F4-40A8-891C-5D1A8D9BE311} = {B1E4825E-DBFE-491B-A57B-5CEDA5989C42}
		{49E180B2-690C-4237-BCF0-6702B226BBA3} = {B1E4825E-DBFE-491B-A57B-5CEDA5989C42}
		{B065D0D0-F78F-46A0-BD5D-AFD20594E10C} = {B1E4825E-DBFE-491B-A57B-5CEDA5989C42}
		{29B7250B-4DCA-4D0B-8E3D-BA03A05936CE} = {B1E4825E-DBFE-491B-A57B-5CEDA5989C42}
		{05F6E7BA-9FF2-4DEF-98A4-9A96640514CC} = {D06A02DE-D9D9-4922-8BD1-1803A746B95B}
		{F0C43D85-18BD-44A3-B573-CDA0072DF910} = {F87C3269-B196-4546-8555-DAF351796DF7}
		{159E32B4-937E-4977-9504-AAB45A4AFCD8} = {B1E4825E-DBFE-491B-A57B-5CEDA5989C42}
	EndGlobalSection
	GlobalSection(ExtensibilityGlobals) = postSolution
		SolutionGuid = {191C2E88-490F-494F-85C7-14B7072D33D4}
	EndGlobalSection
EndGlobal
